
Microsoft Visual Studio Solution File, Format Version 12.00
# Visual Studio 15
VisualStudioVersion = 15.0.26124.0
MinimumVisualStudioVersion = 15.0.26124.0
Project("{FAE04EC0-301F-11D3-BF4B-00C04F79EFBC}") = "Domain", "Domain\Domain.csproj", "{789CB3A5-839F-40C3-9CA4-85769337F0A9}"
EndProject
Project("{FAE04EC0-301F-11D3-BF4B-00C04F79EFBC}") = "Application", "Application\Application.csproj", "{AB670CE9-5C24-45D8-BD7B-B30499D5C321}"
EndProject
Project("{FAE04EC0-301F-11D3-BF4B-00C04F79EFBC}") = "Persistence", "Persistence\Persistence.csproj", "{6CF70CC2-081B-455C-B58C-87B79C86A56F}"
EndProject
Project("{FAE04EC0-301F-11D3-BF4B-00C04F79EFBC}") = "API", "API\API.csproj", "{EB064707-1791-4D58-ADE5-D1E3BC6B311A}"
EndProject
Global
	GlobalSection(SolutionConfigurationPlatforms) = preSolution
		Debug|Any CPU = Debug|Any CPU
		Debug|x64 = Debug|x64
		Debug|x86 = Debug|x86
		Release|Any CPU = Release|Any CPU
		Release|x64 = Release|x64
		Release|x86 = Release|x86
	EndGlobalSection
	GlobalSection(SolutionProperties) = preSolution
		HideSolutionNode = FALSE
	EndGlobalSection
	GlobalSection(ProjectConfigurationPlatforms) = postSolution
		{789CB3A5-839F-40C3-9CA4-85769337F0A9}.Debug|Any CPU.ActiveCfg = Debug|Any CPU
		{789CB3A5-839F-40C3-9CA4-85769337F0A9}.Debug|Any CPU.Build.0 = Debug|Any CPU
		{789CB3A5-839F-40C3-9CA4-85769337F0A9}.Debug|x64.ActiveCfg = Debug|Any CPU
		{789CB3A5-839F-40C3-9CA4-85769337F0A9}.Debug|x64.Build.0 = Debug|Any CPU
		{789CB3A5-839F-40C3-9CA4-85769337F0A9}.Debug|x86.ActiveCfg = Debug|Any CPU
		{789CB3A5-839F-40C3-9CA4-85769337F0A9}.Debug|x86.Build.0 = Debug|Any CPU
		{789CB3A5-839F-40C3-9CA4-85769337F0A9}.Release|Any CPU.ActiveCfg = Release|Any CPU
		{789CB3A5-839F-40C3-9CA4-85769337F0A9}.Release|Any CPU.Build.0 = Release|Any CPU
		{789CB3A5-839F-40C3-9CA4-85769337F0A9}.Release|x64.ActiveCfg = Release|Any CPU
		{789CB3A5-839F-40C3-9CA4-85769337F0A9}.Release|x64.Build.0 = Release|Any CPU
		{789CB3A5-839F-40C3-9CA4-85769337F0A9}.Release|x86.ActiveCfg = Release|Any CPU
		{789CB3A5-839F-40C3-9CA4-85769337F0A9}.Release|x86.Build.0 = Release|Any CPU
		{AB670CE9-5C24-45D8-BD7B-B30499D5C321}.Debug|Any CPU.ActiveCfg = Debug|Any CPU
		{AB670CE9-5C24-45D8-BD7B-B30499D5C321}.Debug|Any CPU.Build.0 = Debug|Any CPU
		{AB670CE9-5C24-45D8-BD7B-B30499D5C321}.Debug|x64.ActiveCfg = Debug|Any CPU
		{AB670CE9-5C24-45D8-BD7B-B30499D5C321}.Debug|x64.Build.0 = Debug|Any CPU
		{AB670CE9-5C24-45D8-BD7B-B30499D5C321}.Debug|x86.ActiveCfg = Debug|Any CPU
		{AB670CE9-5C24-45D8-BD7B-B30499D5C321}.Debug|x86.Build.0 = Debug|Any CPU
		{AB670CE9-5C24-45D8-BD7B-B30499D5C321}.Release|Any CPU.ActiveCfg = Release|Any CPU
		{AB670CE9-5C24-45D8-BD7B-B30499D5C321}.Release|Any CPU.Build.0 = Release|Any CPU
		{AB670CE9-5C24-45D8-BD7B-B30499D5C321}.Release|x64.ActiveCfg = Release|Any CPU
		{AB670CE9-5C24-45D8-BD7B-B30499D5C321}.Release|x64.Build.0 = Release|Any CPU
		{AB670CE9-5C24-45D8-BD7B-B30499D5C321}.Release|x86.ActiveCfg = Release|Any CPU
		{AB670CE9-5C24-45D8-BD7B-B30499D5C321}.Release|x86.Build.0 = Release|Any CPU
		{6CF70CC2-081B-455C-B58C-87B79C86A56F}.Debug|Any CPU.ActiveCfg = Debug|Any CPU
		{6CF70CC2-081B-455C-B58C-87B79C86A56F}.Debug|Any CPU.Build.0 = Debug|Any CPU
		{6CF70CC2-081B-455C-B58C-87B79C86A56F}.Debug|x64.ActiveCfg = Debug|Any CPU
		{6CF70CC2-081B-455C-B58C-87B79C86A56F}.Debug|x64.Build.0 = Debug|Any CPU
		{6CF70CC2-081B-455C-B58C-87B79C86A56F}.Debug|x86.ActiveCfg = Debug|Any CPU
		{6CF70CC2-081B-455C-B58C-87B79C86A56F}.Debug|x86.Build.0 = Debug|Any CPU
		{6CF70CC2-081B-455C-B58C-87B79C86A56F}.Release|Any CPU.ActiveCfg = Release|Any CPU
		{6CF70CC2-081B-455C-B58C-87B79C86A56F}.Release|Any CPU.Build.0 = Release|Any CPU
		{6CF70CC2-081B-455C-B58C-87B79C86A56F}.Release|x64.ActiveCfg = Release|Any CPU
		{6CF70CC2-081B-455C-B58C-87B79C86A56F}.Release|x64.Build.0 = Release|Any CPU
		{6CF70CC2-081B-455C-B58C-87B79C86A56F}.Release|x86.ActiveCfg = Release|Any CPU
		{6CF70CC2-081B-455C-B58C-87B79C86A56F}.Release|x86.Build.0 = Release|Any CPU
		{EB064707-1791-4D58-ADE5-D1E3BC6B311A}.Debug|Any CPU.ActiveCfg = Debug|Any CPU
		{EB064707-1791-4D58-ADE5-D1E3BC6B311A}.Debug|Any CPU.Build.0 = Debug|Any CPU
		{EB064707-1791-4D58-ADE5-D1E3BC6B311A}.Debug|x64.ActiveCfg = Debug|Any CPU
		{EB064707-1791-4D58-ADE5-D1E3BC6B311A}.Debug|x64.Build.0 = Debug|Any CPU
		{EB064707-1791-4D58-ADE5-D1E3BC6B311A}.Debug|x86.ActiveCfg = Debug|Any CPU
		{EB064707-1791-4D58-ADE5-D1E3BC6B311A}.Debug|x86.Build.0 = Debug|Any CPU
		{EB064707-1791-4D58-ADE5-D1E3BC6B311A}.Release|Any CPU.ActiveCfg = Release|Any CPU
		{EB064707-1791-4D58-ADE5-D1E3BC6B311A}.Release|Any CPU.Build.0 = Release|Any CPU
		{EB064707-1791-4D58-ADE5-D1E3BC6B311A}.Release|x64.ActiveCfg = Release|Any CPU
		{EB064707-1791-4D58-ADE5-D1E3BC6B311A}.Release|x64.Build.0 = Release|Any CPU
		{EB064707-1791-4D58-ADE5-D1E3BC6B311A}.Release|x86.ActiveCfg = Release|Any CPU
		{EB064707-1791-4D58-ADE5-D1E3BC6B311A}.Release|x86.Build.0 = Release|Any CPU
	EndGlobalSection
EndGlobal
